
Microsoft Visual Studio Solution File, Format Version 12.00
# Visual Studio Version 17
VisualStudioVersion = 17.12.35527.113 d17.12
MinimumVisualStudioVersion = 10.0.40219.1
Project("{FAE04EC0-301F-11D3-BF4B-00C04F79EFBC}") = "RegIN_Chernykh", "RegIN_Chernykh\RegIN_Chernykh.csproj", "{241C44A9-52C8-4002-B1D9-31046E34807A}"
EndProject
Global
	GlobalSection(SolutionConfigurationPlatforms) = preSolution
		Debug|Any CPU = Debug|Any CPU
		Release|Any CPU = Release|Any CPU
	EndGlobalSection
	GlobalSection(ProjectConfigurationPlatforms) = postSolution
		{241C44A9-52C8-4002-B1D9-31046E34807A}.Debug|Any CPU.ActiveCfg = Debug|Any CPU
		{241C44A9-52C8-4002-B1D9-31046E34807A}.Debug|Any CPU.Build.0 = Debug|Any CPU
		{241C44A9-52C8-4002-B1D9-31046E34807A}.Release|Any CPU.ActiveCfg = Release|Any CPU
		{241C44A9-52C8-4002-B1D9-31046E34807A}.Release|Any CPU.Build.0 = Release|Any CPU
	EndGlobalSection
	GlobalSection(SolutionProperties) = preSolution
		HideSolutionNode = FALSE
	EndGlobalSection
EndGlobal
